<?xml version="1.0" encoding="utf-8"?>
<Project ToolsVersion="4.0" xmlns="http://schemas.microsoft.com/developer/msbuild/2003">
  <ItemGroup>
    <Filter Include="Source Files">
      <UniqueIdentifier>{4FC737F1-C7A5-4376-A066-2A32D752A2FF}</UniqueIdentifier>
      <Extensions>cpp;c;cc;cxx;def;odl;idl;hpj;bat;asm;asmx</Extensions>
    </Filter>
    <Filter Include="Header Files">
      <UniqueIdentifier>{93995380-89BD-4b04-88EB-625FBE52EBFB}</UniqueIdentifier>
      <Extensions>h;hpp;hxx;hm;inl;inc;xsd</Extensions>
    </Filter>
    <Filter Include="Resource Files">
      <UniqueIdentifier>{67DA6AB6-F800-4c08-8B7A-83BB121AAD01}</UniqueIdentifier>
      <Extensions>rc;ico;cur;bmp;dlg;rc2;rct;bin;rgs;gif;jpg;jpeg;jpe;resx;tiff;tif;png;wav;mfcribbon-ms</Extensions>
    </Filter>
    <Filter Include="IO Formats">
      <UniqueIdentifier>{40a1ebfb-c4a9-4c18-b528-5ebd3984a15e}</UniqueIdentifier>
      <Extensions>
      </Extensions>
    </Filter>
    <Filter Include="3D Engine">
      <UniqueIdentifier>{e7c547bf-79a3-4ff1-a887-6591528b6731}</UniqueIdentifier>
    </Filter>
    <Filter Include="Sytem Core">
      <UniqueIdentifier>{84d4faa0-e10d-4b3d-8106-22e102eaaffa}</UniqueIdentifier>
    </Filter>
  </ItemGroup>
  <ItemGroup>
    <None Include="..\..\GUI\IconRubbish.ico">
      <Filter>Resource Files</Filter>
    </None>
    <None Include="..\..\GUI\icons\mouse-select-left-icon.png">
      <Filter>Resource Files</Filter>
    </None>
    <None Include="..\..\GUI\icons\mouse-select-right-icon.png">
      <Filter>Resource Files</Filter>
    </None>
    <None Include="..\..\GUI\icons\mouse-select-scroll-icon.png">
      <Filter>Resource Files</Filter>
    </None>
    <None Include="..\..\GUI\icons\pictureBoxMouse1.Image.png">
      <Filter>Resource Files</Filter>
    </None>
    <None Include="..\..\GUI\pictureBoxMouse1.Image.bmp">
      <Filter>Resource Files</Filter>
    </None>
    <None Include="..\..\GUI\ReadMe.txt" />
  </ItemGroup>
  <ItemGroup>
    <ClCompile Include="..\..\GUI\stdafx.cpp">
      <Filter>Source Files</Filter>
    </ClCompile>
    <ClCompile Include="..\..\GUI\3D Engine\ArcBall.cpp">
      <Filter>Source Files</Filter>
    </ClCompile>
    <ClCompile Include="..\..\GUI\3D Engine\MetaBall.cpp">
      <Filter>Source Files</Filter>
    </ClCompile>
    <ClCompile Include="..\..\GUI\3D Engine\OpenGL.cpp">
      <Filter>Source Files</Filter>
    </ClCompile>
    <ClCompile Include="..\..\GUI\3D Engine\VECTOR3D.cpp">
      <Filter>Source Files</Filter>
    </ClCompile>
    <ClCompile Include="..\..\GUI\AssemblyInfo.cpp">
      <Filter>Source Files</Filter>
    </ClCompile>
    <ClCompile Include="..\..\GUI\IO Formats\COSMOS.cpp">
      <Filter>Source Files</Filter>
    </ClCompile>
    <ClCompile Include="..\..\GUI\FilterFile.cpp">
      <Filter>Source Files</Filter>
    </ClCompile>
    <ClCompile Include="..\..\GUI\IO Formats\ADF.cpp">
      <Filter>Source Files</Filter>
    </ClCompile>
    <ClCompile Include="..\..\GUI\IO Formats\Castep.cpp">
      <Filter>Source Files</Filter>
    </ClCompile>
    <ClCompile Include="..\..\GUI\IO Formats\EasySpin.cpp">
      <Filter>Source Files</Filter>
    </ClCompile>
    <ClCompile Include="..\..\GUI\IO Formats\Gauss.cpp">
      <Filter>Source Files</Filter>
    </ClCompile>
    <ClCompile Include="..\..\GUI\IO Formats\GAMESS.cpp">
      <Filter>Source Files</Filter>
    </ClCompile>
    <ClCompile Include="..\..\GUI\IO Formats\IOSpinSystem.cpp">
      <Filter>Source Files</Filter>
    </ClCompile>
    <ClCompile Include="..\..\GUI\IO Formats\MOL.cpp">
      <Filter>Source Files</Filter>
    </ClCompile>
    <ClCompile Include="..\..\GUI\IO Formats\Orca.cpp">
      <Filter>Source Files</Filter>
    </ClCompile>
    <ClCompile Include="..\..\GUI\IO Formats\Simpson.cpp">
      <Filter>Source Files</Filter>
    </ClCompile>
    <ClCompile Include="..\..\GUI\IO Formats\Spinach.cpp">
      <Filter>Source Files</Filter>
    </ClCompile>
    <ClCompile Include="..\..\GUI\IO Formats\SpinEvolution.cpp">
      <Filter>Source Files</Filter>
    </ClCompile>
    <ClCompile Include="..\..\GUI\IO Formats\SpinXML.cpp">
      <Filter>Source Files</Filter>
    </ClCompile>
    <ClCompile Include="..\..\GUI\IO Formats\XYZ.cpp">
      <Filter>Source Files</Filter>
    </ClCompile>
    <ClCompile Include="..\..\GUI\MainForm.cpp">
      <Filter>Source Files</Filter>
    </ClCompile>
    <ClCompile Include="..\..\GUI\OrientationDialog.cpp">
      <Filter>Source Files</Filter>
    </ClCompile>
    <ClCompile Include="..\..\GUI\OrientationExport.cpp">
      <Filter>Source Files</Filter>
    </ClCompile>
    <ClCompile Include="..\..\GUI\RefFrameOrientationDialog.cpp">
      <Filter>Source Files</Filter>
    </ClCompile>
    <ClCompile Include="..\..\GUI\ShieldingtoShift.cpp">
      <Filter>Source Files</Filter>
    </ClCompile>
    <ClCompile Include="..\..\GUI\SpinachGUI.cpp">
      <Filter>Source Files</Filter>
    </ClCompile>
    <ClCompile Include="..\..\GUI\System Core\isotopes.cpp">
      <Filter>Source Files</Filter>
    </ClCompile>
    <ClCompile Include="..\..\GUI\System Core\Model.cpp">
      <Filter>Source Files</Filter>
    </ClCompile>
    <ClCompile Include="..\..\GUI\System Core\orientation.cpp">
      <Filter>Source Files</Filter>
    </ClCompile>
  </ItemGroup>
  <ItemGroup>
    <ClInclude Include="..\..\GUI\3D Engine\ArcBall.h">
      <Filter>Header Files</Filter>
    </ClInclude>
    <ClInclude Include="..\..\GUI\3D Engine\MetaBall.h">
      <Filter>Header Files</Filter>
    </ClInclude>
    <ClInclude Include="..\..\GUI\3D Engine\OpenGL.h">
      <Filter>Header Files</Filter>
    </ClInclude>
    <ClInclude Include="..\..\GUI\3D Engine\VECTOR3D.h">
      <Filter>Header Files</Filter>
    </ClInclude>
    <ClInclude Include="..\..\GUI\About.h">
      <Filter>Header Files</Filter>
    </ClInclude>
    <ClInclude Include="..\..\GUI\BalloonToolTip.h">
      <Filter>Header Files</Filter>
    </ClInclude>
    <ClInclude Include="..\..\GUI\IO Formats\COSMOS.h">
      <Filter>Header Files</Filter>
    </ClInclude>
    <ClInclude Include="..\..\GUI\FilterFile.h">
      <Filter>Header Files</Filter>
    </ClInclude>
    <ClInclude Include="..\..\GUI\IO Formats\ADF.h">
      <Filter>Header Files</Filter>
    </ClInclude>
    <ClInclude Include="..\..\GUI\IO Formats\Castep.h">
      <Filter>Header Files</Filter>
    </ClInclude>
    <ClInclude Include="..\..\GUI\IO Formats\EasySpin.h">
      <Filter>Header Files</Filter>
    </ClInclude>
    <ClInclude Include="..\..\GUI\IO Formats\Gauss.h">
      <Filter>Header Files</Filter>
    </ClInclude>
    <ClInclude Include="..\..\GUI\IO Formats\GAMESS.h">
      <Filter>Header Files</Filter>
    </ClInclude>
    <ClInclude Include="..\..\GUI\IO Formats\IOSpinSystem.h">
      <Filter>Header Files</Filter>
    </ClInclude>
    <ClInclude Include="..\..\GUI\IO Formats\MOL.h">
      <Filter>Header Files</Filter>
    </ClInclude>
    <ClInclude Include="..\..\GUI\IO Formats\Orca.h">
      <Filter>Header Files</Filter>
    </ClInclude>
    <ClInclude Include="..\..\GUI\IO Formats\Simpson.h">
      <Filter>Header Files</Filter>
    </ClInclude>
    <ClInclude Include="..\..\GUI\IO Formats\Spinach.h">
      <Filter>Header Files</Filter>
    </ClInclude>
    <ClInclude Include="..\..\GUI\IO Formats\SpinEvolution.h">
      <Filter>Header Files</Filter>
    </ClInclude>
    <ClInclude Include="..\..\GUI\IO Formats\SpinXML.h">
      <Filter>Header Files</Filter>
    </ClInclude>
    <ClInclude Include="..\..\GUI\IO Formats\spinxml_schema.h">
      <Filter>Header Files</Filter>
    </ClInclude>
    <ClInclude Include="..\..\GUI\IO Formats\spinxml_schema_reference_frame.h">
      <Filter>Header Files</Filter>
    </ClInclude>
    <ClInclude Include="..\..\GUI\IO Formats\XYZ.h">
      <Filter>Header Files</Filter>
    </ClInclude>
    <ClInclude Include="..\..\GUI\IsotopesDialog.h">
      <Filter>Header Files</Filter>
    </ClInclude>
    <ClInclude Include="..\..\GUI\MainForm.h">
      <Filter>Header Files</Filter>
    </ClInclude>
    <ClInclude Include="..\..\GUI\OrientationDialog.h">
      <Filter>Header Files</Filter>
    </ClInclude>
    <ClInclude Include="..\..\GUI\OrientationExport.h">
      <Filter>Header Files</Filter>
    </ClInclude>
    <ClInclude Include="..\..\GUI\RefFrameOrientationDialog.h">
      <Filter>Header Files</Filter>
    </ClInclude>
    <ClInclude Include="..\..\GUI\resource.h">
      <Filter>Header Files</Filter>
    </ClInclude>
    <ClInclude Include="..\..\GUI\ShieldingtoShift.h">
      <Filter>Header Files</Filter>
    </ClInclude>
    <ClInclude Include="..\..\GUI\stdafx.h">
      <Filter>Header Files</Filter>
    </ClInclude>
    <ClInclude Include="..\..\GUI\System Core\isotopes.h">
      <Filter>Header Files</Filter>
    </ClInclude>
    <ClInclude Include="..\..\GUI\System Core\Model.h">
      <Filter>Header Files</Filter>
    </ClInclude>
    <ClInclude Include="..\..\GUI\System Core\orientation.hpp">
      <Filter>Header Files</Filter>
    </ClInclude>
    <ClInclude Include="..\..\GUI\System Core\unit.h">
      <Filter>Header Files</Filter>
    </ClInclude>
  </ItemGroup>
  <ItemGroup>
    <ResourceCompile Include="..\..\GUI\app.rc">
      <Filter>Resource Files</Filter>
    </ResourceCompile>
  </ItemGroup>
  <ItemGroup>
    <EmbeddedResource Include="..\..\GUI\About.resx">
      <Filter>Resource Files</Filter>
    </EmbeddedResource>
    <EmbeddedResource Include="..\..\GUI\BalloonToolTip.resx">
      <Filter>Resource Files</Filter>
    </EmbeddedResource>
    <EmbeddedResource Include="..\..\GUI\FilterFile.resx">
      <Filter>Resource Files</Filter>
    </EmbeddedResource>
    <EmbeddedResource Include="..\..\GUI\IO Formats\EasySpin.resx">
      <Filter>Resource Files</Filter>
    </EmbeddedResource>
    <EmbeddedResource Include="..\..\GUI\IO Formats\Simpson.resx">
      <Filter>Resource Files</Filter>
    </EmbeddedResource>
    <EmbeddedResource Include="..\..\GUI\IO Formats\Spinach.resx">
      <Filter>Resource Files</Filter>
    </EmbeddedResource>
    <EmbeddedResource Include="..\..\GUI\IO Formats\SpinEvolution.resx">
      <Filter>Resource Files</Filter>
    </EmbeddedResource>
    <EmbeddedResource Include="..\..\GUI\IsotopesDialog.resx">
      <Filter>Resource Files</Filter>
    </EmbeddedResource>
    <EmbeddedResource Include="..\..\GUI\MainForm.resX">
      <Filter>Resource Files</Filter>
    </EmbeddedResource>
    <EmbeddedResource Include="..\..\GUI\OrientationDialog.resx">
      <Filter>Resource Files</Filter>
    </EmbeddedResource>
    <EmbeddedResource Include="..\..\GUI\RefFrameOrientationDialog.resx">
      <Filter>Resource Files</Filter>
    </EmbeddedResource>
    <EmbeddedResource Include="..\..\GUI\ShieldingtoShift.resx">
      <Filter>Resource Files</Filter>
    </EmbeddedResource>
  </ItemGroup>
  <ItemGroup>
    <CustomBuild Include="..\..\GUI\app.ico">
      <Filter>Resource Files</Filter>
    </CustomBuild>
  </ItemGroup>
</Project>